# THIS IS AN AUTOGENERATED FILE. DO NOT EDIT THIS FILE DIRECTLY.
# yarn lockfile v1


"@prisma/engines@3.10.0-50.73e60b76d394f8d37d8ebd1f8918c79029f0db86":
  version "3.10.0-50.73e60b76d394f8d37d8ebd1f8918c79029f0db86"
  resolved "https://registry.yarnpkg.com/@prisma/engines/-/engines-3.10.0-50.73e60b76d394f8d37d8ebd1f8918c79029f0db86.tgz#2964113729a78b8b21e186b5592affd1fde73c16"
  integrity sha512-LjRssaWu9w2SrXitofnutRIyURI7l0veQYIALz7uY4shygM9nMcK3omXcObRm7TAcw3Z+9ytfK1B+ySOsOesxQ==

prisma@^3.10.0:
  version "3.10.0"
  resolved "https://registry.yarnpkg.com/prisma/-/prisma-3.10.0.tgz#872d87afbeb1cbcaa77c3d6a63c125e0d704b04d"
  integrity sha512-dAld12vtwdz9Rz01nOjmnXe+vHana5PSog8t0XGgLemKsUVsaupYpr74AHaS3s78SaTS5s2HOghnJF+jn91ZrA==
  dependencies:
    "@prisma/engines" "3.10.0-50.73e60b76d394f8d37d8ebd1f8918c79029f0db86"
